<?xml version="1.0" encoding="utf-8"?>
<Project ToolsVersion="4.0" xmlns="http://schemas.microsoft.com/developer/msbuild/2003">
  <ItemGroup>
    <Filter Include="High Level Interface">
      <UniqueIdentifier>{ef2cc17f-dc8c-4713-acb5-11a43c435929}</UniqueIdentifier>
    </Filter>
    <Filter Include="Graphics">
      <UniqueIdentifier>{84407bf0-b431-49e7-b0cd-167e818415ab}</UniqueIdentifier>
    </Filter>
    <Filter Include="Resource">
      <UniqueIdentifier>{767d4264-e56a-430c-8c2d-f49d85c35b59}</UniqueIdentifier>
    </Filter>
    <Filter Include="Scene">
      <UniqueIdentifier>{976687b1-0493-449e-87e3-f6bf27d49c71}</UniqueIdentifier>
    </Filter>
    <Filter Include="GameObject">
      <UniqueIdentifier>{68d11966-8044-4e2a-abef-cc0a1a1642f3}</UniqueIdentifier>
    </Filter>
    <Filter Include="Resource\Mesh">
      <UniqueIdentifier>{5ddde7d6-5dbf-4474-8ff2-f014eaefe47e}</UniqueIdentifier>
    </Filter>
    <Filter Include="Resource\Shader">
      <UniqueIdentifier>{f6d54454-faa4-4b11-8592-0408c79bef47}</UniqueIdentifier>
    </Filter>
    <Filter Include="Resource\Manager">
      <UniqueIdentifier>{566c056d-bc1c-4a66-9874-1eb8b38721ee}</UniqueIdentifier>
    </Filter>
    <Filter Include="Resource\Material">
      <UniqueIdentifier>{b120460a-4944-428f-b9a0-e7253c288eab}</UniqueIdentifier>
    </Filter>
    <Filter Include="Resource\Texture">
      <UniqueIdentifier>{2e19c4b5-25ef-434b-bb7c-23ab21873a44}</UniqueIdentifier>
    </Filter>
    <Filter Include="Resource\Script">
      <UniqueIdentifier>{bd5eb4ff-9f54-4ada-b23b-dd4130c98faf}</UniqueIdentifier>
    </Filter>
    <Filter Include="Scene\Base">
      <UniqueIdentifier>{2bf45b05-0f71-4108-ade3-0f445677916d}</UniqueIdentifier>
    </Filter>
    <Filter Include="Resource\Prefab">
      <UniqueIdentifier>{3af2aa79-2a7b-4d76-a7a5-4cad4408c08b}</UniqueIdentifier>
    </Filter>
    <Filter Include="Graphics\Buffer">
      <UniqueIdentifier>{e4ba78d8-760a-4f86-bc52-4e0b1889b409}</UniqueIdentifier>
    </Filter>
    <Filter Include="Scene\Base\Manager">
      <UniqueIdentifier>{ed02c5d8-b13c-4afe-85b6-3e56a722014f}</UniqueIdentifier>
    </Filter>
    <Filter Include="Scene\Base\Layer">
      <UniqueIdentifier>{1e71bc42-a7cc-46d6-9577-a9d25d0f359c}</UniqueIdentifier>
    </Filter>
    <Filter Include="API">
      <UniqueIdentifier>{fe38d4cf-e628-4bef-bc8d-6fa213c324a8}</UniqueIdentifier>
    </Filter>
    <Filter Include="API\Input">
      <UniqueIdentifier>{cd4b9eba-c6cf-46a9-a814-89a620c95213}</UniqueIdentifier>
    </Filter>
    <Filter Include="API\Common">
      <UniqueIdentifier>{0bc27fa8-afac-4a02-8354-f8ac7e3056e0}</UniqueIdentifier>
    </Filter>
    <Filter Include="API\Common\Math">
      <UniqueIdentifier>{8f5edaa5-ad5d-423a-bc41-5e68a8621da5}</UniqueIdentifier>
    </Filter>
    <Filter Include="API\Time">
      <UniqueIdentifier>{d5cea299-11de-49f8-9c0c-c110056dd303}</UniqueIdentifier>
    </Filter>
    <Filter Include="GameObject\Component">
      <UniqueIdentifier>{d54e1d46-871f-40f8-ad58-0a2d4ec246e6}</UniqueIdentifier>
    </Filter>
    <Filter Include="GameObject\Component\Script">
      <UniqueIdentifier>{5d1a9b1c-e367-41ff-827a-0670e743acf2}</UniqueIdentifier>
    </Filter>
    <Filter Include="GameObject\Component\Transform">
      <UniqueIdentifier>{33646287-989c-4565-ad3c-77fa53030165}</UniqueIdentifier>
    </Filter>
    <Filter Include="GameObject\Component\Renderer">
      <UniqueIdentifier>{6cbbc9fb-29a5-4e89-a66a-edbeee8d0a1a}</UniqueIdentifier>
    </Filter>
    <Filter Include="GameObject\Component\Camera">
      <UniqueIdentifier>{d5d09f34-c98b-40e4-9959-3f7e7df27f01}</UniqueIdentifier>
    </Filter>
    <Filter Include="GameObject\Component\Collider">
      <UniqueIdentifier>{d06af49b-e291-48f5-a152-57cdfccac101}</UniqueIdentifier>
    </Filter>
    <Filter Include="GameObject\Component\Collider\Manager">
      <UniqueIdentifier>{fa4faab8-07ef-4c3e-9f62-39b3d8374c2d}</UniqueIdentifier>
    </Filter>
    <Filter Include="GameObject\Component\Collider\2D">
      <UniqueIdentifier>{e6c3dc2a-8578-4ba0-abef-b180bbd898a2}</UniqueIdentifier>
    </Filter>
    <Filter Include="GameObject\Component\Collider\3D">
      <UniqueIdentifier>{ef70ba73-24b0-4f3d-ba69-e9bc4d1c96dc}</UniqueIdentifier>
    </Filter>
    <Filter Include="GameObject\Component\Animator">
      <UniqueIdentifier>{462c899b-d697-4c1e-a1a1-8cd73bc7838f}</UniqueIdentifier>
    </Filter>
    <Filter Include="Graphics\Renderer">
      <UniqueIdentifier>{f2d38e5b-5248-43e0-b712-e484a165f414}</UniqueIdentifier>
    </Filter>
    <Filter Include="Graphics\Base">
      <UniqueIdentifier>{3e1b9ea3-f096-4868-a797-85222d04a523}</UniqueIdentifier>
    </Filter>
    <Filter Include="GameObject\Component\Light">
      <UniqueIdentifier>{c36a64dd-b5fc-41f0-960f-192e6a13eb6f}</UniqueIdentifier>
    </Filter>
    <Filter Include="Content">
      <UniqueIdentifier>{bfee7126-f21d-492b-a001-1f37fb5c2f8e}</UniqueIdentifier>
    </Filter>
    <Filter Include="Content\Objects">
      <UniqueIdentifier>{a8bb0890-11ae-4669-8132-d6f2439e459b}</UniqueIdentifier>
    </Filter>
    <Filter Include="Content\Scenes">
      <UniqueIdentifier>{7bd2a06f-987b-4ff0-87bd-c8402f13cca9}</UniqueIdentifier>
    </Filter>
    <Filter Include="Content\Scripts">
      <UniqueIdentifier>{0c9e0d2f-bd3f-44cc-a073-834f8bdf9d93}</UniqueIdentifier>
    </Filter>
    <Filter Include="Content\Scripts\Fade">
      <UniqueIdentifier>{482f6b97-8158-4190-aab2-4fd57c7d01b4}</UniqueIdentifier>
    </Filter>
    <Filter Include="Content\Scripts\Camera">
      <UniqueIdentifier>{25c2dc14-84fd-4553-9d85-473627da4dc9}</UniqueIdentifier>
    </Filter>
    <Filter Include="Content\Scripts\Mouse">
      <UniqueIdentifier>{9f439c0d-7a9f-46d0-a899-4d585810abb5}</UniqueIdentifier>
    </Filter>
    <Filter Include="Content\Scripts\Player">
      <UniqueIdentifier>{86ab2da9-ae1c-43ba-a6a6-64ebd0758513}</UniqueIdentifier>
    </Filter>
    <Filter Include="Content\Objects\Player">
      <UniqueIdentifier>{9df74ce7-be6d-45d1-b007-dd18aef8e316}</UniqueIdentifier>
    </Filter>
    <Filter Include="Content\Objects\Monster">
      <UniqueIdentifier>{caae50a4-4b55-459b-b7c3-25f4036e9453}</UniqueIdentifier>
    </Filter>
    <Filter Include="Content\Scripts\UI">
      <UniqueIdentifier>{869bec72-133a-46f9-96e6-70d2fb25512c}</UniqueIdentifier>
    </Filter>
    <Filter Include="GameObject\Component\Rigidbody">
      <UniqueIdentifier>{524fd677-0155-4e3c-9512-e74a57082133}</UniqueIdentifier>
    </Filter>
  </ItemGroup>
  <ItemGroup>
    <ClCompile Include="jsApplication.cpp">
      <Filter>High Level Interface</Filter>
    </ClCompile>
    <ClCompile Include="jsMath.cpp">
      <Filter>API\Common\Math</Filter>
    </ClCompile>
    <ClCompile Include="jsTime.cpp">
      <Filter>API\Time</Filter>
    </ClCompile>
    <ClCompile Include="jsInput.cpp">
      <Filter>API\Input</Filter>
    </ClCompile>
    <ClCompile Include="jsEntity.cpp">
      <Filter>API\Common</Filter>
    </ClCompile>
    <ClCompile Include="jsResource.cpp">
      <Filter>Resource</Filter>
    </ClCompile>
    <ClCompile Include="jsRenderer.cpp">
      <Filter>Graphics\Renderer</Filter>
    </ClCompile>
    <ClCompile Include="jsGameObject.cpp">
      <Filter>GameObject</Filter>
    </ClCompile>
    <ClCompile Include="jsMesh.cpp">
      <Filter>Resource\Mesh</Filter>
    </ClCompile>
    <ClCompile Include="jsShader.cpp">
      <Filter>Resource\Shader</Filter>
    </ClCompile>
    <ClCompile Include="jsResources.cpp">
      <Filter>Resource\Manager</Filter>
    </ClCompile>
    <ClCompile Include="jsComponent.cpp">
      <Filter>GameObject\Component</Filter>
    </ClCompile>
    <ClCompile Include="jsMaterial.cpp">
      <Filter>Resource\Material</Filter>
    </ClCompile>
    <ClCompile Include="jsTexture.cpp">
      <Filter>Resource\Texture</Filter>
    </ClCompile>
    <ClCompile Include="jsScript.cpp">
      <Filter>GameObject\Component\Script</Filter>
    </ClCompile>
    <ClCompile Include="jsTransform.cpp">
      <Filter>GameObject\Component\Transform</Filter>
    </ClCompile>
    <ClCompile Include="jsMeshRenderer.cpp">
      <Filter>GameObject\Component\Renderer</Filter>
    </ClCompile>
    <ClCompile Include="jsCamera.cpp">
      <Filter>GameObject\Component\Camera</Filter>
    </ClCompile>
    <ClCompile Include="jsSpriteRenderer.cpp">
      <Filter>GameObject\Component\Renderer</Filter>
    </ClCompile>
    <ClCompile Include="jsGridScript.cpp">
      <Filter>Resource\Script</Filter>
    </ClCompile>
    <ClCompile Include="jsLayer.cpp">
      <Filter>Scene\Base\Layer</Filter>
    </ClCompile>
    <ClCompile Include="jsScene.cpp">
      <Filter>Scene\Base</Filter>
    </ClCompile>
    <ClCompile Include="jsSceneManager.cpp">
      <Filter>Scene\Base\Manager</Filter>
    </ClCompile>
    <ClCompile Include="jsCollisionManager.cpp">
      <Filter>GameObject\Component\Collider\Manager</Filter>
    </ClCompile>
    <ClCompile Include="jsPrefab.cpp">
      <Filter>Resource\Prefab</Filter>
    </ClCompile>
    <ClCompile Include="jsCollider.cpp">
      <Filter>GameObject\Component\Collider\Manager</Filter>
    </ClCompile>
    <ClCompile Include="jsCollider2D.cpp">
      <Filter>GameObject\Component\Collider\2D</Filter>
    </ClCompile>
    <ClCompile Include="jsCollider3D.cpp">
      <Filter>GameObject\Component\Collider\3D</Filter>
    </ClCompile>
    <ClCompile Include="jsFadeScript.cpp">
      <Filter>Content\Scripts\Fade</Filter>
    </ClCompile>
    <ClCompile Include="jsAnimation.cpp">
      <Filter>GameObject\Component\Animator</Filter>
    </ClCompile>
    <ClCompile Include="jsAnimator.cpp">
      <Filter>GameObject\Component\Animator</Filter>
    </ClCompile>
    <ClCompile Include="jsConstantBuffer.cpp">
      <Filter>Graphics\Buffer</Filter>
    </ClCompile>
    <ClCompile Include="jsPlayScene.cpp">
      <Filter>Content\Scenes</Filter>
    </ClCompile>
    <ClCompile Include="jsTitleScene.cpp">
      <Filter>Content\Scenes</Filter>
    </ClCompile>
    <ClCompile Include="jsBaseRenderer.cpp">
      <Filter>GameObject\Component\Renderer</Filter>
    </ClCompile>
    <ClCompile Include="jsGraphicDevice_DX11.cpp">
      <Filter>Graphics\Base</Filter>
    </ClCompile>
    <ClCompile Include="jsLight.cpp">
      <Filter>GameObject\Component\Light</Filter>
    </ClCompile>
    <ClCompile Include="jsStructuredBuffer.cpp">
      <Filter>Graphics\Buffer</Filter>
    </ClCompile>
    <ClCompile Include="jsCameraScript.cpp">
      <Filter>Content\Scripts\Camera</Filter>
    </ClCompile>
    <ClCompile Include="jsMouseScript.cpp">
      <Filter>Content\Scripts\Mouse</Filter>
    </ClCompile>
    <ClCompile Include="jsPlayerScript.cpp">
      <Filter>Content\Scripts\Player</Filter>
    </ClCompile>
    <ClCompile Include="jsPlayer.cpp">
      <Filter>Content\Objects\Player</Filter>
    </ClCompile>
    <ClCompile Include="jsMonster.cpp">
      <Filter>Content\Objects\Monster</Filter>
    </ClCompile>
    <ClCompile Include="jsButtonScript.cpp">
      <Filter>Content\Scripts\UI</Filter>
    </ClCompile>
    <ClCompile Include="jsLogoScene.cpp">
      <Filter>Content\Scenes</Filter>
    </ClCompile>
  </ItemGroup>
  <ItemGroup>
    <ClInclude Include="CommonInclude.h">
      <Filter>API\Common</Filter>
    </ClInclude>
    <ClInclude Include="jsApplication.h">
      <Filter>High Level Interface</Filter>
    </ClInclude>
    <ClInclude Include="jsMath.h">
      <Filter>API\Common\Math</Filter>
    </ClInclude>
    <ClInclude Include="jsTime.h">
      <Filter>API\Time</Filter>
    </ClInclude>
    <ClInclude Include="jsInput.h">
      <Filter>API\Input</Filter>
    </ClInclude>
    <ClInclude Include="jsEntity.h">
      <Filter>API\Common</Filter>
    </ClInclude>
    <ClInclude Include="jsResource.h">
      <Filter>Resource</Filter>
    </ClInclude>
    <ClInclude Include="jsEngine.h">
      <Filter>API\Common</Filter>
    </ClInclude>
    <ClInclude Include="jsEnums.h">
      <Filter>API\Common</Filter>
    </ClInclude>
    <ClInclude Include="jsRenderer.h">
      <Filter>Graphics\Renderer</Filter>
    </ClInclude>
    <ClInclude Include="jsGameObject.h">
      <Filter>GameObject</Filter>
    </ClInclude>
    <ClInclude Include="jsMesh.h">
      <Filter>Resource\Mesh</Filter>
    </ClInclude>
    <ClInclude Include="jsShader.h">
      <Filter>Resource\Shader</Filter>
    </ClInclude>
    <ClInclude Include="jsResources.h">
      <Filter>Resource\Manager</Filter>
    </ClInclude>
    <ClInclude Include="jsComponent.h">
      <Filter>GameObject\Component</Filter>
    </ClInclude>
    <ClInclude Include="jsMaterial.h">
      <Filter>Resource\Material</Filter>
    </ClInclude>
    <ClInclude Include="jsTexture.h">
      <Filter>Resource\Texture</Filter>
    </ClInclude>
    <ClInclude Include="jsScript.h">
      <Filter>GameObject\Component\Script</Filter>
    </ClInclude>
    <ClInclude Include="jsTransform.h">
      <Filter>GameObject\Component\Transform</Filter>
    </ClInclude>
    <ClInclude Include="jsMeshRenderer.h">
      <Filter>GameObject\Component\Renderer</Filter>
    </ClInclude>
    <ClInclude Include="jsCamera.h">
      <Filter>GameObject\Component\Camera</Filter>
    </ClInclude>
    <ClInclude Include="jsSpriteRenderer.h">
      <Filter>GameObject\Component\Renderer</Filter>
    </ClInclude>
    <ClInclude Include="jsObject.h">
      <Filter>GameObject</Filter>
    </ClInclude>
    <ClInclude Include="jsGridScript.h">
      <Filter>Resource\Script</Filter>
    </ClInclude>
    <ClInclude Include="jsLayer.h">
      <Filter>Scene\Base\Layer</Filter>
    </ClInclude>
    <ClInclude Include="jsScene.h">
      <Filter>Scene\Base</Filter>
    </ClInclude>
    <ClInclude Include="jsSceneManager.h">
      <Filter>Scene\Base\Manager</Filter>
    </ClInclude>
    <ClInclude Include="jsCollisionManager.h">
      <Filter>GameObject\Component\Collider\Manager</Filter>
    </ClInclude>
    <ClInclude Include="jsPrefab.h">
      <Filter>Resource\Prefab</Filter>
    </ClInclude>
    <ClInclude Include="jsCollider.h">
      <Filter>GameObject\Component\Collider\Manager</Filter>
    </ClInclude>
    <ClInclude Include="jsCollider3D.h">
      <Filter>GameObject\Component\Collider\3D</Filter>
    </ClInclude>
    <ClInclude Include="jsCollider2D.h">
      <Filter>GameObject\Component\Collider\2D</Filter>
    </ClInclude>
    <ClInclude Include="jsFadeScript.h">
      <Filter>Content\Scripts\Fade</Filter>
    </ClInclude>
    <ClInclude Include="jsAnimation.h">
      <Filter>GameObject\Component\Animator</Filter>
    </ClInclude>
    <ClInclude Include="jsAnimator.h">
      <Filter>GameObject\Component\Animator</Filter>
    </ClInclude>
    <ClInclude Include="jsConstantBuffer.h">
      <Filter>Graphics\Buffer</Filter>
    </ClInclude>
    <ClInclude Include="jsPlayScene.h">
      <Filter>Content\Scenes</Filter>
    </ClInclude>
    <ClInclude Include="jsTitleScene.h">
      <Filter>Content\Scenes</Filter>
    </ClInclude>
    <ClInclude Include="jsBaseRenderer.h">
      <Filter>GameObject\Component\Renderer</Filter>
    </ClInclude>
    <ClInclude Include="jsGraphicDevice_DX11.h">
      <Filter>Graphics\Base</Filter>
    </ClInclude>
    <ClInclude Include="jsGraphics.h">
      <Filter>Graphics\Base</Filter>
    </ClInclude>
    <ClInclude Include="jsLight.h">
      <Filter>GameObject\Component\Light</Filter>
    </ClInclude>
    <ClInclude Include="jsStructuredBuffer.h">
      <Filter>Graphics\Buffer</Filter>
    </ClInclude>
    <ClInclude Include="jsCameraScript.h">
      <Filter>Content\Scripts\Camera</Filter>
    </ClInclude>
    <ClInclude Include="jsMouseScript.h">
      <Filter>Content\Scripts\Mouse</Filter>
    </ClInclude>
    <ClInclude Include="jsPlayerScript.h">
      <Filter>Content\Scripts\Player</Filter>
    </ClInclude>
    <ClInclude Include="jsPlayer.h">
      <Filter>Content\Objects\Player</Filter>
    </ClInclude>
    <ClInclude Include="jsMonster.h">
      <Filter>Content\Objects\Monster</Filter>
    </ClInclude>
    <ClInclude Include="jsButtonScript.h">
      <Filter>Content\Scripts\UI</Filter>
    </ClInclude>
    <ClInclude Include="jsLogoScene.h">
      <Filter>Content\Scenes</Filter>
    </ClInclude>
  </ItemGroup>
  <ItemGroup>
    <None Include="jsMath.inl">
      <Filter>API\Common\Math</Filter>
    </None>
  </ItemGroup>
</Project>