<?xml version="1.0" encoding="utf-8"?>
<Project ToolsVersion="4.0" xmlns="http://schemas.microsoft.com/developer/msbuild/2003">
  <ItemGroup>
    <ClInclude Include="jsMath.h">
      <Filter>Common\Math</Filter>
    </ClInclude>
    <ClInclude Include="jsApplication.h">
      <Filter>High Level Interface</Filter>
    </ClInclude>
    <ClInclude Include="CommonInclude.h">
      <Filter>Common</Filter>
    </ClInclude>
    <ClInclude Include="jsEngine.h">
      <Filter>Common</Filter>
    </ClInclude>
    <ClInclude Include="jsGraphicDevice_DX11.h">
      <Filter>Graphics</Filter>
    </ClInclude>
    <ClInclude Include="jsTime.h">
      <Filter>Time</Filter>
    </ClInclude>
    <ClInclude Include="jsInput.h">
      <Filter>Input</Filter>
    </ClInclude>
    <ClInclude Include="jsEntity.h">
      <Filter>Common</Filter>
    </ClInclude>
    <ClInclude Include="jsGraphics.h">
      <Filter>Graphics</Filter>
    </ClInclude>
    <ClInclude Include="jsRenderer.h">
      <Filter>Renderer</Filter>
    </ClInclude>
    <ClInclude Include="jsScene.h">
      <Filter>Scene</Filter>
    </ClInclude>
    <ClInclude Include="jsEnums.h">
      <Filter>Common</Filter>
    </ClInclude>
    <ClInclude Include="jsComponent.h">
      <Filter>Component</Filter>
    </ClInclude>
    <ClInclude Include="jsGameObject.h">
      <Filter>GameObject</Filter>
    </ClInclude>
    <ClInclude Include="jsLayer.h">
      <Filter>Scene</Filter>
    </ClInclude>
    <ClInclude Include="jsSceneManager.h">
      <Filter>Scene</Filter>
    </ClInclude>
    <ClInclude Include="jsResources.h">
      <Filter>Resource\Base</Filter>
    </ClInclude>
    <ClInclude Include="jsResource.h">
      <Filter>Resource\Base</Filter>
    </ClInclude>
    <ClInclude Include="jsMesh.h">
      <Filter>Resource\Mesh</Filter>
    </ClInclude>
  </ItemGroup>
  <ItemGroup>
    <ClCompile Include="jsMath.cpp">
      <Filter>Common\Math</Filter>
    </ClCompile>
    <ClCompile Include="jsApplication.cpp">
      <Filter>High Level Interface</Filter>
    </ClCompile>
    <ClCompile Include="jsGraphicDevice_DX11.cpp">
      <Filter>Graphics</Filter>
    </ClCompile>
    <ClCompile Include="jsTime.cpp">
      <Filter>Time</Filter>
    </ClCompile>
    <ClCompile Include="jsInput.cpp">
      <Filter>Input</Filter>
    </ClCompile>
    <ClCompile Include="jsEntity.cpp">
      <Filter>Common</Filter>
    </ClCompile>
    <ClCompile Include="jsRenderer.cpp">
      <Filter>Renderer</Filter>
    </ClCompile>
    <ClCompile Include="jsScene.cpp">
      <Filter>Scene</Filter>
    </ClCompile>
    <ClCompile Include="jsComponent.cpp">
      <Filter>Component</Filter>
    </ClCompile>
    <ClCompile Include="jsGameObject.cpp">
      <Filter>GameObject</Filter>
    </ClCompile>
    <ClCompile Include="jsLayer.cpp">
      <Filter>Scene</Filter>
    </ClCompile>
    <ClCompile Include="jsSceneManager.cpp">
      <Filter>Scene</Filter>
    </ClCompile>
    <ClCompile Include="jsResource.cpp">
      <Filter>Resource\Base</Filter>
    </ClCompile>
    <ClCompile Include="jsResources.cpp">
      <Filter>Resource\Base</Filter>
    </ClCompile>
    <ClCompile Include="jsMesh.cpp">
      <Filter>Resource\Mesh</Filter>
    </ClCompile>
  </ItemGroup>
  <ItemGroup>
    <Filter Include="Time">
      <UniqueIdentifier>{d88fa733-715c-4f29-8338-075b66d6aaca}</UniqueIdentifier>
    </Filter>
    <Filter Include="Common">
      <UniqueIdentifier>{e4353c70-1998-494c-aa6e-5c53af930680}</UniqueIdentifier>
    </Filter>
    <Filter Include="Graphics">
      <UniqueIdentifier>{9371c302-ab61-4287-a334-a47e5fd0740b}</UniqueIdentifier>
    </Filter>
    <Filter Include="Input">
      <UniqueIdentifier>{311dc0f4-efcd-4b36-99e3-dcb36df53965}</UniqueIdentifier>
    </Filter>
    <Filter Include="Resource">
      <UniqueIdentifier>{3358abd3-1ef1-4310-8107-b74d360359bb}</UniqueIdentifier>
    </Filter>
    <Filter Include="Common\Math">
      <UniqueIdentifier>{1203bb86-70cc-440d-9028-2dc346be954b}</UniqueIdentifier>
    </Filter>
    <Filter Include="High Level Interface">
      <UniqueIdentifier>{96051da7-b678-47fa-bcea-d382b093f33e}</UniqueIdentifier>
    </Filter>
    <Filter Include="Renderer">
      <UniqueIdentifier>{2de9c5e6-0bd7-4e85-ade2-91301aab7164}</UniqueIdentifier>
    </Filter>
    <Filter Include="Scene">
      <UniqueIdentifier>{b1d5ff0c-62a2-4ec4-b6bd-4b775520ed44}</UniqueIdentifier>
    </Filter>
    <Filter Include="Component">
      <UniqueIdentifier>{3deed0b5-b8cb-4730-b5c1-c6a18dced072}</UniqueIdentifier>
    </Filter>
    <Filter Include="GameObject">
      <UniqueIdentifier>{652f766b-757b-4696-8125-bef0c85594d2}</UniqueIdentifier>
    </Filter>
    <Filter Include="Resource\Base">
      <UniqueIdentifier>{d7b3570d-6b81-49b9-8ee3-b5a14442b107}</UniqueIdentifier>
    </Filter>
    <Filter Include="Resource\Mesh">
      <UniqueIdentifier>{05e2d287-ff93-47a5-9d03-cd8885632213}</UniqueIdentifier>
    </Filter>
    <Filter Include="Resource\Shader">
      <UniqueIdentifier>{839f9732-377f-413e-ae99-0449dc1253ec}</UniqueIdentifier>
    </Filter>
    <Filter Include="Resource\Material">
      <UniqueIdentifier>{ab08308e-021b-4adc-9a70-c6b873d53a3a}</UniqueIdentifier>
    </Filter>
  </ItemGroup>
  <ItemGroup>
    <None Include="jsMath.inl">
      <Filter>Common\Math</Filter>
    </None>
  </ItemGroup>
</Project>